{
  "name": "selenium-vibium",
  "version": "1.0.0",
  "lockfileVersion": 3,
  "requires": true,
  "packages": {
    "": {
      "name": "selenium-vibium",
      "version": "1.0.0",
      "license": "ISC",
      "dependencies": {
        "@vibium/win32-x64": "^26.2.28",
        "vibium": "^26.2.28"
      }
    },
    "node_modules/@vibium/darwin-arm64": {
      "version": "26.2.28",
      "resolved": "https://registry.npmjs.org/@vibium/darwin-arm64/-/darwin-arm64-26.2.28.tgz",
      "integrity": "sha512-rUWzedyBZVmHw/5WffP4AvNVs8rUxuHl6PJzZvvIvQMUIjcfI7s5KUShS6CUmfgDp8HSqxb1F+89otmxEj0Jcw==",
      "cpu": [
        "arm64"
      ],
      "license": "Apache-2.0",
      "optional": true,
      "os": [
        "darwin"
      ],
      "engines": {
        "node": ">=18"
      }
    },
    "node_modules/@vibium/darwin-x64": {
      "version": "26.2.28",
      "resolved": "https://registry.npmjs.org/@vibium/darwin-x64/-/darwin-x64-26.2.28.tgz",
      "integrity": "sha512-FlS/Fi4MJiG05y578jDvonRvJtjLL2U5c38efiEyKcBgDaQ7QOJis1okh85dkDFZYFQOhxZo/QaEXX1ygkthJg==",
      "cpu": [
        "x64"
      ],
      "license": "Apache-2.0",
      "optional": true,
      "os": [
        "darwin"
      ],
      "engines": {
        "node": ">=18"
      }
    },
    "node_modules/@vibium/linux-arm64": {
      "version": "26.2.28",
      "resolved": "https://registry.npmjs.org/@vibium/linux-arm64/-/linux-arm64-26.2.28.tgz",
      "integrity": "sha512-hyuBGYjJ9LyP+UPKidWeqApTN5cGTyltRKEoEYHV+8uQSwRLXB1IMnHAkY+aK/cHB3V/VaM9yTWpNsImHJOLBg==",
      "cpu": [
        "arm64"
      ],
      "license": "Apache-2.0",
      "optional": true,
      "os": [
        "linux"
      ],
      "engines": {
        "node": ">=18"
      }
    },
    "node_modules/@vibium/linux-x64": {
      "version": "26.2.28",
      "resolved": "https://registry.npmjs.org/@vibium/linux-x64/-/linux-x64-26.2.28.tgz",
      "integrity": "sha512-pxQ6k6/l0SaT2tN+DjN4wF2RR87MmD9+BI1vMfRZ+QUj9eW0VR2aSoMJPnoclAjT0feoCjZBG6VgHRB7w0xw0A==",
      "cpu": [
        "x64"
      ],
      "license": "Apache-2.0",
      "optional": true,
      "os": [
        "linux"
      ],
      "engines": {
        "node": ">=18"
      }
    },
    "node_modules/@vibium/win32-x64": {
      "version": "26.2.28",
      "resolved": "https://registry.npmjs.org/@vibium/win32-x64/-/win32-x64-26.2.28.tgz",
      "integrity": "sha512-pi7shcIolkQL+BLe3wKvB8buRUOThhBkJw/SPhJ3CGKpvEvpfES0fdS6neFOAOxH1crbfTlofK28P3NclUG5+A==",
      "cpu": [
        "x64"
      ],
      "license": "Apache-2.0",
      "os": [
        "win32"
      ],
      "engines": {
        "node": ">=18"
      }
    },
    "node_modules/vibium": {
      "version": "26.2.28",
      "resolved": "https://registry.npmjs.org/vibium/-/vibium-26.2.28.tgz",
      "integrity": "sha512-jwDdVlrovKX5hhaAbxvBb6u6ilI3i+C+Wxz6tmvUm+Mw4q7Ma2Nk6KTTRv4jRwMrALdn4hvVyBfXpJpnew8QaQ==",
      "hasInstallScript": true,
      "license": "Apache-2.0",
      "dependencies": {
        "ws": "^8.18.3"
      },
      "bin": {
        "vibium": "bin/cli.js"
      },
      "engines": {
        "node": ">=18"
      },
      "optionalDependencies": {
        "@vibium/darwin-arm64": "26.2.28",
        "@vibium/darwin-x64": "26.2.28",
        "@vibium/linux-arm64": "26.2.28",
        "@vibium/linux-x64": "26.2.28",
        "@vibium/win32-x64": "26.2.28"
      }
    },
    "node_modules/ws": {
      "version": "8.19.0",
      "resolved": "https://registry.npmjs.org/ws/-/ws-8.19.0.tgz",
      "integrity": "sha512-blAT2mjOEIi0ZzruJfIhb3nps74PRWTCz1IjglWEEpQl5XS/UNama6u2/rjFkDDouqr4L67ry+1aGIALViWjDg==",
      "license": "MIT",
      "engines": {
        "node": ">=10.0.0"
      },
      "peerDependencies": {
        "bufferutil": "^4.0.1",
        "utf-8-validate": ">=5.0.2"
      },
      "peerDependenciesMeta": {
        "bufferutil": {
          "optional": true
        },
        "utf-8-validate": {
          "optional": true
        }
      }
    }
  }
}
